{
  "name": "repair",
  "version": "1.0.0",
  "lockfileVersion": 1,
  "requires": true,
  "dependencies": {
    "taro-react-echarts": {
      "version": "1.2.2",
      "resolved": "https://registry.npmmirror.com/taro-react-echarts/-/taro-react-echarts-1.2.2.tgz",
      "integrity": "sha512-NHzngwaA8/EPHirJPiUU2xxs1YggEVD8JYD6lauZjGLI0bd7OiaIDb35VPuYADwZSmkQg5zYj7DEBcbNRMFmUg=="
    }
  }
}
